
Microsoft Visual Studio Solution File, Format Version 12.00
# Visual Studio Version 16
VisualStudioVersion = 16.0.31129.286
MinimumVisualStudioVersion = 10.0.40219.1
Project("{FAE04EC0-301F-11D3-BF4B-00C04F79EFBC}") = "SigoWeb", "SigoWeb\SigoWeb.csproj", "{57DA5F62-6422-4225-85C2-F17FC7F93AA8}"
EndProject
Global
	GlobalSection(SolutionConfigurationPlatforms) = preSolution
		Debug|Any CPU = Debug|Any CPU
		Release|Any CPU = Release|Any CPU
	EndGlobalSection
	GlobalSection(ProjectConfigurationPlatforms) = postSolution
		{57DA5F62-6422-4225-85C2-F17FC7F93AA8}.Debug|Any CPU.ActiveCfg = Debug|Any CPU
		{57DA5F62-6422-4225-85C2-F17FC7F93AA8}.Debug|Any CPU.Build.0 = Debug|Any CPU
		{57DA5F62-6422-4225-85C2-F17FC7F93AA8}.Release|Any CPU.ActiveCfg = Release|Any CPU
		{57DA5F62-6422-4225-85C2-F17FC7F93AA8}.Release|Any CPU.Build.0 = Release|Any CPU
	EndGlobalSection
	GlobalSection(SolutionProperties) = preSolution
		HideSolutionNode = FALSE
	EndGlobalSection
	GlobalSection(ExtensibilityGlobals) = postSolution
		SolutionGuid = {CEB253FC-C489-477F-8C47-4243FAE55914}
	EndGlobalSection
EndGlobal
